Microsoft Visual Studio Solution File, Format Version 12.00
# Visual Studio Version 17
VisualStudioVersion = 17.5.2.0
MinimumVisualStudioVersion = 10.0.40219.1
Project("{FAE04EC0-301F-11D3-BF4B-00C04F79EFBC}") = "AbstractCsharp", "AbstractCsharp.csproj", "{420A333D-DF70-5EB4-3CE4-FDAF298344E2}"
EndProject
Global
	GlobalSection(SolutionConfigurationPlatforms) = preSolution
		Debug|Any CPU = Debug|Any CPU
		Release|Any CPU = Release|Any CPU
	EndGlobalSection
	GlobalSection(ProjectConfigurationPlatforms) = postSolution
		{420A333D-DF70-5EB4-3CE4-FDAF298344E2}.Debug|Any CPU.ActiveCfg = Debug|Any CPU
		{420A333D-DF70-5EB4-3CE4-FDAF298344E2}.Debug|Any CPU.Build.0 = Debug|Any CPU
		{420A333D-DF70-5EB4-3CE4-FDAF298344E2}.Release|Any CPU.ActiveCfg = Release|Any CPU
		{420A333D-DF70-5EB4-3CE4-FDAF298344E2}.Release|Any CPU.Build.0 = Release|Any CPU
	EndGlobalSection
	GlobalSection(SolutionProperties) = preSolution
		HideSolutionNode = FALSE
	EndGlobalSection
	GlobalSection(ExtensibilityGlobals) = postSolution
		SolutionGuid = {EA45780A-03D0-48A9-BC22-2C61D68CB3C1}
	EndGlobalSection
EndGlobal
