Microsoft Visual Studio Solution File, Format Version 12.00
# Visual Studio Version 17
VisualStudioVersion = 17.5.2.0
MinimumVisualStudioVersion = 10.0.40219.1
Project("{FAE04EC0-301F-11D3-BF4B-00C04F79EFBC}") = "SystemTime", "SystemTime.csproj", "{1191F1DB-C737-95A9-417A-FA77CAB5B01C}"
EndProject
Global
	GlobalSection(SolutionConfigurationPlatforms) = preSolution
		Debug|Any CPU = Debug|Any CPU
		Release|Any CPU = Release|Any CPU
	EndGlobalSection
	GlobalSection(ProjectConfigurationPlatforms) = postSolution
		{1191F1DB-C737-95A9-417A-FA77CAB5B01C}.Debug|Any CPU.ActiveCfg = Debug|Any CPU
		{1191F1DB-C737-95A9-417A-FA77CAB5B01C}.Debug|Any CPU.Build.0 = Debug|Any CPU
		{1191F1DB-C737-95A9-417A-FA77CAB5B01C}.Release|Any CPU.ActiveCfg = Release|Any CPU
		{1191F1DB-C737-95A9-417A-FA77CAB5B01C}.Release|Any CPU.Build.0 = Release|Any CPU
	EndGlobalSection
	GlobalSection(SolutionProperties) = preSolution
		HideSolutionNode = FALSE
	EndGlobalSection
	GlobalSection(ExtensibilityGlobals) = postSolution
		SolutionGuid = {E0DB4359-33DD-4B4A-91A7-D0BF05F5E322}
	EndGlobalSection
EndGlobal
