Microsoft Visual Studio Solution File, Format Version 12.00
# Visual Studio Version 17
VisualStudioVersion = 17.5.2.0
MinimumVisualStudioVersion = 10.0.40219.1
Project("{FAE04EC0-301F-11D3-BF4B-00C04F79EFBC}") = "BaiTapVongLap", "BaiTapVongLap.csproj", "{B02B5BD0-A4BE-2CA8-23AB-BE5162AD8E1A}"
EndProject
Global
	GlobalSection(SolutionConfigurationPlatforms) = preSolution
		Debug|Any CPU = Debug|Any CPU
		Release|Any CPU = Release|Any CPU
	EndGlobalSection
	GlobalSection(ProjectConfigurationPlatforms) = postSolution
		{B02B5BD0-A4BE-2CA8-23AB-BE5162AD8E1A}.Debug|Any CPU.ActiveCfg = Debug|Any CPU
		{B02B5BD0-A4BE-2CA8-23AB-BE5162AD8E1A}.Debug|Any CPU.Build.0 = Debug|Any CPU
		{B02B5BD0-A4BE-2CA8-23AB-BE5162AD8E1A}.Release|Any CPU.ActiveCfg = Release|Any CPU
		{B02B5BD0-A4BE-2CA8-23AB-BE5162AD8E1A}.Release|Any CPU.Build.0 = Release|Any CPU
	EndGlobalSection
	GlobalSection(SolutionProperties) = preSolution
		HideSolutionNode = FALSE
	EndGlobalSection
	GlobalSection(ExtensibilityGlobals) = postSolution
		SolutionGuid = {3B56E885-2E77-47FD-9B6A-0F517FD66A74}
	EndGlobalSection
EndGlobal
