Microsoft Visual Studio Solution File, Format Version 12.00
# Visual Studio Version 17
VisualStudioVersion = 17.5.2.0
MinimumVisualStudioVersion = 10.0.40219.1
Project("{FAE04EC0-301F-11D3-BF4B-00C04F79EFBC}") = "TinhLaiHangThang", "TinhLaiHangThang.csproj", "{9E37A049-E674-8F57-328E-9D5B61CA5982}"
EndProject
Global
	GlobalSection(SolutionConfigurationPlatforms) = preSolution
		Debug|Any CPU = Debug|Any CPU
		Release|Any CPU = Release|Any CPU
	EndGlobalSection
	GlobalSection(ProjectConfigurationPlatforms) = postSolution
		{9E37A049-E674-8F57-328E-9D5B61CA5982}.Debug|Any CPU.ActiveCfg = Debug|Any CPU
		{9E37A049-E674-8F57-328E-9D5B61CA5982}.Debug|Any CPU.Build.0 = Debug|Any CPU
		{9E37A049-E674-8F57-328E-9D5B61CA5982}.Release|Any CPU.ActiveCfg = Release|Any CPU
		{9E37A049-E674-8F57-328E-9D5B61CA5982}.Release|Any CPU.Build.0 = Release|Any CPU
	EndGlobalSection
	GlobalSection(SolutionProperties) = preSolution
		HideSolutionNode = FALSE
	EndGlobalSection
	GlobalSection(ExtensibilityGlobals) = postSolution
		SolutionGuid = {00D386DE-4F7F-4191-8471-1EA4D8300A27}
	EndGlobalSection
EndGlobal
