Microsoft Visual Studio Solution File, Format Version 12.00
# Visual Studio Version 17
VisualStudioVersion = 17.5.2.0
MinimumVisualStudioVersion = 10.0.40219.1
Project("{FAE04EC0-301F-11D3-BF4B-00C04F79EFBC}") = "TinhSoNgayCuaThang", "TinhSoNgayCuaThang.csproj", "{55101211-4867-109F-A988-4761763D9370}"
EndProject
Global
	GlobalSection(SolutionConfigurationPlatforms) = preSolution
		Debug|Any CPU = Debug|Any CPU
		Release|Any CPU = Release|Any CPU
	EndGlobalSection
	GlobalSection(ProjectConfigurationPlatforms) = postSolution
		{55101211-4867-109F-A988-4761763D9370}.Debug|Any CPU.ActiveCfg = Debug|Any CPU
		{55101211-4867-109F-A988-4761763D9370}.Debug|Any CPU.Build.0 = Debug|Any CPU
		{55101211-4867-109F-A988-4761763D9370}.Release|Any CPU.ActiveCfg = Release|Any CPU
		{55101211-4867-109F-A988-4761763D9370}.Release|Any CPU.Build.0 = Release|Any CPU
	EndGlobalSection
	GlobalSection(SolutionProperties) = preSolution
		HideSolutionNode = FALSE
	EndGlobalSection
	GlobalSection(ExtensibilityGlobals) = postSolution
		SolutionGuid = {39B7FA75-C883-42D0-AB5B-94CA618E9E29}
	EndGlobalSection
EndGlobal
